
Microsoft Visual Studio Solution File, Format Version 12.00
# Visual Studio Version 17
VisualStudioVersion = 17.12.35527.113 d17.12
MinimumVisualStudioVersion = 10.0.40219.1
Project("{FAE04EC0-301F-11D3-BF4B-00C04F79EFBC}") = "BlogStore.EntityLayer", "BlogStore.EntityLayer\BlogStore.EntityLayer.csproj", "{226DF351-4D7B-4863-AFAA-790C63B7C83A}"
EndProject
Project("{FAE04EC0-301F-11D3-BF4B-00C04F79EFBC}") = "BlogStore.DataAccessLayer", "BlogStore.DataAccessLayer\BlogStore.DataAccessLayer.csproj", "{BFC8A2F3-70AE-4BFC-B684-DF0AAFEFA9D0}"
EndProject
Project("{FAE04EC0-301F-11D3-BF4B-00C04F79EFBC}") = "BlogStore.BusinessLayer", "BlogStore.BusinessLayer\BlogStore.BusinessLayer.csproj", "{D4042945-20C6-4470-B5D2-C4BD3905DB94}"
EndProject
Project("{FAE04EC0-301F-11D3-BF4B-00C04F79EFBC}") = "BlogStore.PresentationLayer", "BlogStore.PresentationLayer\BlogStore.PresentationLayer.csproj", "{02523569-839E-4D05-97F1-2F6DA05DC438}"
EndProject
Global
	GlobalSection(SolutionConfigurationPlatforms) = preSolution
		Debug|Any CPU = Debug|Any CPU
		Release|Any CPU = Release|Any CPU
	EndGlobalSection
	GlobalSection(ProjectConfigurationPlatforms) = postSolution
		{226DF351-4D7B-4863-AFAA-790C63B7C83A}.Debug|Any CPU.ActiveCfg = Debug|Any CPU
		{226DF351-4D7B-4863-AFAA-790C63B7C83A}.Debug|Any CPU.Build.0 = Debug|Any CPU
		{226DF351-4D7B-4863-AFAA-790C63B7C83A}.Release|Any CPU.ActiveCfg = Release|Any CPU
		{226DF351-4D7B-4863-AFAA-790C63B7C83A}.Release|Any CPU.Build.0 = Release|Any CPU
		{BFC8A2F3-70AE-4BFC-B684-DF0AAFEFA9D0}.Debug|Any CPU.ActiveCfg = Debug|Any CPU
		{BFC8A2F3-70AE-4BFC-B684-DF0AAFEFA9D0}.Debug|Any CPU.Build.0 = Debug|Any CPU
		{BFC8A2F3-70AE-4BFC-B684-DF0AAFEFA9D0}.Release|Any CPU.ActiveCfg = Release|Any CPU
		{BFC8A2F3-70AE-4BFC-B684-DF0AAFEFA9D0}.Release|Any CPU.Build.0 = Release|Any CPU
		{D4042945-20C6-4470-B5D2-C4BD3905DB94}.Debug|Any CPU.ActiveCfg = Debug|Any CPU
		{D4042945-20C6-4470-B5D2-C4BD3905DB94}.Debug|Any CPU.Build.0 = Debug|Any CPU
		{D4042945-20C6-4470-B5D2-C4BD3905DB94}.Release|Any CPU.ActiveCfg = Release|Any CPU
		{D4042945-20C6-4470-B5D2-C4BD3905DB94}.Release|Any CPU.Build.0 = Release|Any CPU
		{02523569-839E-4D05-97F1-2F6DA05DC438}.Debug|Any CPU.ActiveCfg = Debug|Any CPU
		{02523569-839E-4D05-97F1-2F6DA05DC438}.Debug|Any CPU.Build.0 = Debug|Any CPU
		{02523569-839E-4D05-97F1-2F6DA05DC438}.Release|Any CPU.ActiveCfg = Release|Any CPU
		{02523569-839E-4D05-97F1-2F6DA05DC438}.Release|Any CPU.Build.0 = Release|Any CPU
	EndGlobalSection
	GlobalSection(SolutionProperties) = preSolution
		HideSolutionNode = FALSE
	EndGlobalSection
EndGlobal
